
Microsoft Visual Studio Solution File, Format Version 12.00
# Visual Studio Version 17
VisualStudioVersion = 17.3.32811.315
MinimumVisualStudioVersion = 10.0.40219.1
Project("{FAE04EC0-301F-11D3-BF4B-00C04F79EFBC}") = "Proje-DatabaseConnection", "Proje-DatabaseConnection\Proje-DatabaseConnection.csproj", "{5CCBD9DC-B4A6-4B35-92B3-633AA2BA1BF0}"
EndProject
Global
	GlobalSection(SolutionConfigurationPlatforms) = preSolution
		Debug|Any CPU = Debug|Any CPU
		Release|Any CPU = Release|Any CPU
	EndGlobalSection
	GlobalSection(ProjectConfigurationPlatforms) = postSolution
		{5CCBD9DC-B4A6-4B35-92B3-633AA2BA1BF0}.Debug|Any CPU.ActiveCfg = Debug|Any CPU
		{5CCBD9DC-B4A6-4B35-92B3-633AA2BA1BF0}.Debug|Any CPU.Build.0 = Debug|Any CPU
		{5CCBD9DC-B4A6-4B35-92B3-633AA2BA1BF0}.Release|Any CPU.ActiveCfg = Release|Any CPU
		{5CCBD9DC-B4A6-4B35-92B3-633AA2BA1BF0}.Release|Any CPU.Build.0 = Release|Any CPU
	EndGlobalSection
	GlobalSection(SolutionProperties) = preSolution
		HideSolutionNode = FALSE
	EndGlobalSection
	GlobalSection(ExtensibilityGlobals) = postSolution
		SolutionGuid = {97040436-44EE-4BF7-A59F-FE0B382B08D3}
	EndGlobalSection
EndGlobal
